// !$*UTF8*$!
{
	archiveVersion = 1;
	classes = {
	};
	objectVersion = 77;
	objects = {

/* Begin PBXBuildFile section */
		5A122BA72DA547B30093CDA6 /* Config.xcconfig in Resources */ = {isa = PBXBuildFile; fileRef = 5A122BA62DA547B30093CDA6 /* Config.xcconfig */; };
/* End PBXBuildFile section */

/* Begin PBXContainerItemProxy section */
		5A122B7C2DA4866A0093CDA6 /* PBXContainerItemProxy */ = {
			isa = PBXContainerItemProxy;
			containerPortal = 5A122B662DA486680093CDA6 /* Project object */;
			proxyType = 1;
			remoteGlobalIDString = 5A122B6D2DA486680093CDA6;
			remoteInfo = ecolens;
		};
		5A122B862DA4866A0093CDA6 /* PBXContainerItemProxy */ = {
			isa = PBXContainerItemProxy;
			containerPortal = 5A122B662DA486680093CDA6 /* Project object */;
			proxyType = 1;
			remoteGlobalIDString = 5A122B6D2DA486680093CDA6;
			remoteInfo = ecolens;
		};
/* End PBXContainerItemProxy section */

/* Begin PBXFileReference section */
		5A122B6E2DA486680093CDA6 /* ecolens.app */ = {isa = PBXFileReference; explicitFileType = wrapper.application; includeInIndex = 0; path = ecolens.app; sourceTree = BUILT_PRODUCTS_DIR; };
		5A122B7B2DA4866A0093CDA6 /* ecolensTests.xctest */ = {isa = PBXFileReference; explicitFileType = wrapper.cfbundle; includeInIndex = 0; path = ecolensTests.xctest; sourceTree = BUILT_PRODUCTS_DIR; };
		5A122B852DA4866A0093CDA6 /* ecolensUITests.xctest */ = {isa = PBXFileReference; explicitFileType = wrapper.cfbundle; includeInIndex = 0; path = ecolensUITests.xctest; sourceTree = BUILT_PRODUCTS_DIR; };
		5A122BA62DA547B30093CDA6 /* Config.xcconfig */ = {isa = PBXFileReference; lastKnownFileType = text.xcconfig; path = Config.xcconfig; sourceTree = "<group>"; };
/* End PBXFileReference section */

/* Begin PBXFileSystemSynchronizedRootGroup section */
		5A122B702DA486680093CDA6 /* ecolens */ = {
			isa = PBXFileSystemSynchronizedRootGroup;
			path = ecolens;
			sourceTree = "<group>";
		};
		5A122B7E2DA4866A0093CDA6 /* ecolensTests */ = {
			isa = PBXFileSystemSynchronizedRootGroup;
			path = ecolensTests;
			sourceTree = "<group>";
		};
		5A122B882DA4866A0093CDA6 /* ecolensUITests */ = {
			isa = PBXFileSystemSynchronizedRootGroup;
			path = ecolensUITests;
			sourceTree = "<group>";
		};
/* End PBXFileSystemSynchronizedRootGroup section */

/* Begin PBXFrameworksBuildPhase section */
		5A122B6B2DA486680093CDA6 /* Frameworks */ = {
			isa = PBXFrameworksBuildPhase;
			buildActionMask = 2147483647;
			files = (
			);
			runOnlyForDeploymentPostprocessing = 0;
		};
		5A122B782DA4866A0093CDA6 /* Frameworks */ = {
			isa = PBXFrameworksBuildPhase;
			buildActionMask = 2147483647;
			files = (
			);
			runOnlyForDeploymentPostprocessing = 0;
		};
		5A122B822DA4866A0093CDA6 /* Frameworks */ = {
			isa = PBXFrameworksBuildPhase;
			buildActionMask = 2147483647;
			files = (
			);
			runOnlyForDeploymentPostprocessing = 0;
		};
/* End PBXFrameworksBuildPhase section */

/* Begin PBXGroup section */
		5A122B652DA486680093CDA6 = {
			isa = PBXGroup;
			children = (
				5A122BA62DA547B30093CDA6 /* Config.xcconfig */,
				5A122B702DA486680093CDA6 /* ecolens */,
				5A122B7E2DA4866A0093CDA6 /* ecolensTests */,
				5A122B882DA4866A0093CDA6 /* ecolensUITests */,
				5A122B6F2DA486680093CDA6 /* Products */,
			);
			sourceTree = "<group>";
		};
		5A122B6F2DA486680093CDA6 /* Products */ = {
			isa = PBXGroup;
			children = (
				5A122B6E2DA486680093CDA6 /* ecolens.app */,
				5A122B7B2DA4866A0093CDA6 /* ecolensTests.xctest */,
				5A122B852DA4866A0093CDA6 /* ecolensUITests.xctest */,
			);
			name = Products;
			sourceTree = "<group>";
		};
/* End PBXGroup section */

/* Begin PBXNativeTarget section */
		5A122B6D2DA486680093CDA6 /* ecolens */ = {
			isa = PBXNativeTarget;
			buildConfigurationList = 5A122B8F2DA4866A0093CDA6 /* Build configuration list for PBXNativeTarget "ecolens" */;
			buildPhases = (
				5A122B6A2DA486680093CDA6 /* Sources */,
				5A122B6B2DA486680093CDA6 /* Frameworks */,
				5A122B6C2DA486680093CDA6 /* Resources */,
			);
			buildRules = (
			);
			dependencies = (
			);
			fileSystemSynchronizedGroups = (
				5A122B702DA486680093CDA6 /* ecolens */,
			);
			name = ecolens;
			packageProductDependencies = (
			);
			productName = ecolens;
			productReference = 5A122B6E2DA486680093CDA6 /* ecolens.app */;
			productType = "com.apple.product-type.application";
		};
		5A122B7A2DA4866A0093CDA6 /* ecolensTests */ = {
			isa = PBXNativeTarget;
			buildConfigurationList = 5A122B922DA4866A0093CDA6 /* Build configuration list for PBXNativeTarget "ecolensTests" */;
			buildPhases = (
				5A122B772DA4866A0093CDA6 /* Sources */,
				5A122B782DA4866A0093CDA6 /* Frameworks */,
				5A122B792DA4866A0093CDA6 /* Resources */,
			);
			buildRules = (
			);
			dependencies = (
				5A122B7D2DA4866A0093CDA6 /* PBXTargetDependency */,
			);
			fileSystemSynchronizedGroups = (
				5A122B7E2DA4866A0093CDA6 /* ecolensTests */,
			);
			name = ecolensTests;
			packageProductDependencies = (
			);
			productName = ecolensTests;
			productReference = 5A122B7B2DA4866A0093CDA6 /* ecolensTests.xctest */;
			productType = "com.apple.product-type.bundle.unit-test";
		};
		5A122B842DA4866A0093CDA6 /* ecolensUITests */ = {
			isa = PBXNativeTarget;
			buildConfigurationList = 5A122B952DA4866A0093CDA6 /* Build configuration list for PBXNativeTarget "ecolensUITests" */;
			buildPhases = (
				5A122B812DA4866A0093CDA6 /* Sources */,
				5A122B822DA4866A0093CDA6 /* Frameworks */,
				5A122B832DA4866A0093CDA6 /* Resources */,
			);
			buildRules = (
			);
			dependencies = (
				5A122B872DA4866A0093CDA6 /* PBXTargetDependency */,
			);
			fileSystemSynchronizedGroups = (
				5A122B882DA4866A0093CDA6 /* ecolensUITests */,
			);
			name = ecolensUITests;
			packageProductDependencies = (
			);
			productName = ecolensUITests;
			productReference = 5A122B852DA4866A0093CDA6 /* ecolensUITests.xctest */;
			productType = "com.apple.product-type.bundle.ui-testing";
		};
/* End PBXNativeTarget section */

/* Begin PBXProject section */
		5A122B662DA486680093CDA6 /* Project object */ = {
			isa = PBXProject;
			attributes = {
				BuildIndependentTargetsInParallel = 1;
				LastSwiftUpdateCheck = 1630;
				LastUpgradeCheck = 1630;
				TargetAttributes = {
					5A122B6D2DA486680093CDA6 = {
						CreatedOnToolsVersion = 16.3;
					};
					5A122B7A2DA4866A0093CDA6 = {
						CreatedOnToolsVersion = 16.3;
						TestTargetID = 5A122B6D2DA486680093CDA6;
					};
					5A122B842DA4866A0093CDA6 = {
						CreatedOnToolsVersion = 16.3;
						TestTargetID = 5A122B6D2DA486680093CDA6;
					};
				};
			};
			buildConfigurationList = 5A122B692DA486680093CDA6 /* Build configuration list for PBXProject "ecolens" */;
			developmentRegion = en;
			hasScannedForEncodings = 0;
			knownRegions = (
				en,
				Base,
			);
			mainGroup = 5A122B652DA486680093CDA6;
			minimizedProjectReferenceProxies = 1;
			preferredProjectObjectVersion = 77;
			productRefGroup = 5A122B6F2DA486680093CDA6 /* Products */;
			projectDirPath = "";
			projectRoot = "";
			targets = (
				5A122B6D2DA486680093CDA6 /* ecolens */,
				5A122B7A2DA4866A0093CDA6 /* ecolensTests */,
				5A122B842DA4866A0093CDA6 /* ecolensUITests */,
			);
		};
/* End PBXProject section */

/* Begin PBXResourcesBuildPhase section */
		5A122B6C2DA486680093CDA6 /* Resources */ = {
			isa = PBXResourcesBuildPhase;
			buildActionMask = 2147483647;
			files = (
				5A122BA72DA547B30093CDA6 /* Config.xcconfig in Resources */,
			);
			runOnlyForDeploymentPostprocessing = 0;
		};
		5A122B792DA4866A0093CDA6 /* Resources */ = {
			isa = PBXResourcesBuildPhase;
			buildActionMask = 2147483647;
			files = (
			);
			runOnlyForDeploymentPostprocessing = 0;
		};
		5A122B832DA4866A0093CDA6 /* Resources */ = {
			isa = PBXResourcesBuildPhase;
			buildActionMask = 2147483647;
			files = (
			);
			runOnlyForDeploymentPostprocessing = 0;
		};
/* End PBXResourcesBuildPhase section */

/* Begin PBXSourcesBuildPhase section */
		5A122B6A2DA486680093CDA6 /* Sources */ = {
			isa = PBXSourcesBuildPhase;
			buildActionMask = 2147483647;
			files = (
			);
			runOnlyForDeploymentPostprocessing = 0;
		};
		5A122B772DA4866A0093CDA6 /* Sources */ = {
			isa = PBXSourcesBuildPhase;
			buildActionMask = 2147483647;
			files = (
			);
			runOnlyForDeploymentPostprocessing = 0;
		};
		5A122B812DA4866A0093CDA6 /* Sources */ = {
			isa = PBXSourcesBuildPhase;
			buildActionMask = 2147483647;
			files = (
			);
			runOnlyForDeploymentPostprocessing = 0;
		};
/* End PBXSourcesBuildPhase section */

/* Begin PBXTargetDependency section */
		5A122B7D2DA4866A0093CDA6 /* PBXTargetDependency */ = {
			isa = PBXTargetDependency;
			target = 5A122B6D2DA486680093CDA6 /* ecolens */;
			targetProxy = 5A122B7C2DA4866A0093CDA6 /* PBXContainerItemProxy */;
		};
		5A122B872DA4866A0093CDA6 /* PBXTargetDependency */ = {
			isa = PBXTargetDependency;
			target = 5A122B6D2DA486680093CDA6 /* ecolens */;
			targetProxy = 5A122B862DA4866A0093CDA6 /* PBXContainerItemProxy */;
		};
/* End PBXTargetDependency section */

/* Begin XCBuildConfiguration section */
		5A122B8D2DA4866A0093CDA6 /* Debug */ = {
			isa = XCBuildConfiguration;
			baseConfigurationReference = 5A122BA62DA547B30093CDA6 /* Config.xcconfig */;
			buildSettings = {
				ALWAYS_SEARCH_USER_PATHS = NO;
				ASSETCATALOG_COMPILER_GENERATE_SWIFT_ASSET_SYMBOL_EXTENSIONS = YES;
				CLANG_ANALYZER_NONNULL = YES;
				CLANG_ANALYZER_NUMBER_OBJECT_CONVERSION = YES_AGGRESSIVE;
				CLANG_CXX_LANGUAGE_STANDARD = "gnu++20";
				CLANG_ENABLE_MODULES = YES;
				CLANG_ENABLE_OBJC_ARC = YES;
				CLANG_ENABLE_OBJC_WEAK = YES;
				CLANG_WARN_BLOCK_CAPTURE_AUTORELEASING = YES;
				CLANG_WARN_BOOL_CONVERSION = YES;
				CLANG_WARN_COMMA = YES;
				CLANG_WARN_CONSTANT_CONVERSION = YES;
				CLANG_WARN_DEPRECATED_OBJC_IMPLEMENTATIONS = YES;
				CLANG_WARN_DIRECT_OBJC_ISA_USAGE = YES_ERROR;
				CLANG_WARN_DOCUMENTATION_COMMENTS = YES;
				CLANG_WARN_EMPTY_BODY = YES;
				CLANG_WARN_ENUM_CONVERSION = YES;
				CLANG_WARN_INFINITE_RECURSION = YES;
				CLANG_WARN_INT_CONVERSION = YES;
				CLANG_WARN_NON_LITERAL_NULL_CONVERSION = YES;
				CLANG_WARN_OBJC_IMPLICIT_RETAIN_SELF = YES;
				CLANG_WARN_OBJC_LITERAL_CONVERSION = YES;
				CLANG_WARN_OBJC_ROOT_CLASS = YES_ERROR;
				CLANG_WARN_QUOTED_INCLUDE_IN_FRAMEWORK_HEADER = YES;
				CLANG_WARN_RANGE_LOOP_ANALYSIS = YES;
				CLANG_WARN_STRICT_PROTOTYPES = YES;
				CLANG_WARN_SUSPICIOUS_MOVE = YES;
				CLANG_WARN_UNGUARDED_AVAILABILITY = YES_AGGRESSIVE;
				CLANG_WARN_UNREACHABLE_CODE = YES;
				CLANG_WARN__DUPLICATE_METHOD_MATCH = YES;
				COPY_PHASE_STRIP = NO;
				DEBUG_INFORMATION_FORMAT = dwarf;
				ENABLE_RESOURCE_ACCESS_CAMERA = YES;
				ENABLE_STRICT_OBJC_MSGSEND = YES;
				ENABLE_TESTABILITY = YES;
				ENABLE_USER_SCRIPT_SANDBOXING = YES;
				GCC_C_LANGUAGE_STANDARD = gnu17;
				GCC_DYNAMIC_NO_PIC = NO;
				GCC_NO_COMMON_BLOCKS = YES;
				GCC_OPTIMIZATION_LEVEL = 0;
				GCC_PREPROCESSOR_DEFINITIONS = (
					"DEBUG=1",
					"$(inherited)",
				);
				GCC_WARN_64_TO_32_BIT_CONVERSION = YES;
				GCC_WARN_ABOUT_RETURN_TYPE = YES_ERROR;
				GCC_WARN_UNDECLARED_SELECTOR = YES;
				GCC_WARN_UNINITIALIZED_AUTOS = YES_AGGRESSIVE;
				GCC_WARN_UNUSED_FUNCTION = YES;
				GCC_WARN_UNUSED_VARIABLE = YES;
				INFOPLIST_KEY_NSCameraUsageDescription = "Requires camera access for the camera feature";
				IPHONEOS_DEPLOYMENT_TARGET = 18.4;
				LOCALIZATION_PREFERS_STRING_CATALOGS = YES;
				MTL_ENABLE_DEBUG_INFO = INCLUDE_SOURCE;
				MTL_FAST_MATH = YES;
				ONLY_ACTIVE_ARCH = YES;
				SDKROOT = iphoneos;
				SWIFT_ACTIVE_COMPILATION_CONDITIONS = "DEBUG $(inherited)";
				SWIFT_OPTIMIZATION_LEVEL = "-Onone";
			};
			name = Debug;
		};
		5A122B8E2DA4866A0093CDA6 /* Release */ = {
			isa = XCBuildConfiguration;
			baseConfigurationReference = 5A122BA62DA547B30093CDA6 /* Config.xcconfig */;
			buildSettings = {
				ALWAYS_SEARCH_USER_PATHS = NO;
				ASSETCATALOG_COMPILER_GENERATE_SWIFT_ASSET_SYMBOL_EXTENSIONS = YES;
				CLANG_ANALYZER_NONNULL = YES;
				CLANG_ANALYZER_NUMBER_OBJECT_CONVERSION = YES_AGGRESSIVE;
				CLANG_CXX_LANGUAGE_STANDARD = "gnu++20";
				CLANG_ENABLE_MODULES = YES;
				CLANG_ENABLE_OBJC_ARC = YES;
				CLANG_ENABLE_OBJC_WEAK = YES;
				CLANG_WARN_BLOCK_CAPTURE_AUTORELEASING = YES;
				CLANG_WARN_BOOL_CONVERSION = YES;
				CLANG_WARN_COMMA = YES;
				CLANG_WARN_CONSTANT_CONVERSION = YES;
				CLANG_WARN_DEPRECATED_OBJC_IMPLEMENTATIONS = YES;
				CLANG_WARN_DIRECT_OBJC_ISA_USAGE = YES_ERROR;
				CLANG_WARN_DOCUMENTATION_COMMENTS = YES;
				CLANG_WARN_EMPTY_BODY = YES;
				CLANG_WARN_ENUM_CONVERSION = YES;
				CLANG_WARN_INFINITE_RECURSION = YES;
				CLANG_WARN_INT_CONVERSION = YES;
				CLANG_WARN_NON_LITERAL_NULL_CONVERSION = YES;
				CLANG_WARN_OBJC_IMPLICIT_RETAIN_SELF = YES;
				CLANG_WARN_OBJC_LITERAL_CONVERSION = YES;
				CLANG_WARN_OBJC_ROOT_CLASS = YES_ERROR;
				CLANG_WARN_QUOTED_INCLUDE_IN_FRAMEWORK_HEADER = YES;
				CLANG_WARN_RANGE_LOOP_ANALYSIS = YES;
				CLANG_WARN_STRICT_PROTOTYPES = YES;
				CLANG_WARN_SUSPICIOUS_MOVE = YES;
				CLANG_WARN_UNGUARDED_AVAILABILITY = YES_AGGRESSIVE;
				CLANG_WARN_UNREACHABLE_CODE = YES;
				CLANG_WARN__DUPLICATE_METHOD_MATCH = YES;
				COPY_PHASE_STRIP = NO;
				DEBUG_INFORMATION_FORMAT = "dwarf-with-dsym";
				ENABLE_NS_ASSERTIONS = NO;
				ENABLE_RESOURCE_ACCESS_CAMERA = YES;
				ENABLE_STRICT_OBJC_MSGSEND = YES;
				ENABLE_USER_SCRIPT_SANDBOXING = YES;
				GCC_C_LANGUAGE_STANDARD = gnu17;
				GCC_NO_COMMON_BLOCKS = YES;
				GCC_WARN_64_TO_32_BIT_CONVERSION = YES;
				GCC_WARN_ABOUT_RETURN_TYPE = YES_ERROR;
				GCC_WARN_UNDECLARED_SELECTOR = YES;
				GCC_WARN_UNINITIALIZED_AUTOS = YES_AGGRESSIVE;
				GCC_WARN_UNUSED_FUNCTION = YES;
				GCC_WARN_UNUSED_VARIABLE = YES;
				INFOPLIST_KEY_NSCameraUsageDescription = "Requires camera access for the camera feature";
				IPHONEOS_DEPLOYMENT_TARGET = 18.4;
				LOCALIZATION_PREFERS_STRING_CATALOGS = YES;
				MTL_ENABLE_DEBUG_INFO = NO;
				MTL_FAST_MATH = YES;
				SDKROOT = iphoneos;
				SWIFT_COMPILATION_MODE = wholemodule;
				VALIDATE_PRODUCT = YES;
			};
			name = Release;
		};
		5A122B902DA4866A0093CDA6 /* Debug */ = {
			isa = XCBuildConfiguration;
			baseConfigurationReference = 5A122BA62DA547B30093CDA6 /* Config.xcconfig */;
			buildSettings = {
				ASSETCATALOG_COMPILER_APPICON_NAME = AppIcon;
				ASSETCATALOG_COMPILER_GLOBAL_ACCENT_COLOR_NAME = AccentColor;
				CODE_SIGN_STYLE = Automatic;
				CURRENT_PROJECT_VERSION = 1;
				DEVELOPMENT_TEAM = TRJ8WWTUGP;
				ENABLE_PREVIEWS = YES;
				GENERATE_INFOPLIST_FILE = YES;
				INFOPLIST_KEY_UIApplicationSceneManifest_Generation = YES;
				INFOPLIST_KEY_UIApplicationSupportsIndirectInputEvents = YES;
				INFOPLIST_KEY_UILaunchScreen_Generation = YES;
				INFOPLIST_KEY_UISupportedInterfaceOrientations_iPad = "UIInterfaceOrientationPortrait UIInterfaceOrientationPortraitUpsideDown UIInterfaceOrientationLandscapeLeft UIInterfaceOrientationLandscapeRight";
				INFOPLIST_KEY_UISupportedInterfaceOrientations_iPhone = "UIInterfaceOrientationPortrait UIInterfaceOrientationLandscapeLeft UIInterfaceOrientationLandscapeRight";
				LD_RUNPATH_SEARCH_PATHS = (
					"$(inherited)",
					"@executable_path/Frameworks",
				);
				MARKETING_VERSION = 1.0;
				PRODUCT_BUNDLE_IDENTIFIER = team.ecolens;
				PRODUCT_NAME = "$(TARGET_NAME)";
				SWIFT_EMIT_LOC_STRINGS = YES;
				SWIFT_VERSION = 5.0;
				TARGETED_DEVICE_FAMILY = "1,2";
			};
			name = Debug;
		};
		5A122B912DA4866A0093CDA6 /* Release */ = {
			isa = XCBuildConfiguration;
			baseConfigurationReference = 5A122BA62DA547B30093CDA6 /* Config.xcconfig */;
			buildSettings = {
				ASSETCATALOG_COMPILER_APPICON_NAME = AppIcon;
				ASSETCATALOG_COMPILER_GLOBAL_ACCENT_COLOR_NAME = AccentColor;
				CODE_SIGN_STYLE = Automatic;
				CURRENT_PROJECT_VERSION = 1;
				DEVELOPMENT_TEAM = TRJ8WWTUGP;
				ENABLE_PREVIEWS = YES;
				GENERATE_INFOPLIST_FILE = YES;
				INFOPLIST_KEY_UIApplicationSceneManifest_Generation = YES;
				INFOPLIST_KEY_UIApplicationSupportsIndirectInputEvents = YES;
				INFOPLIST_KEY_UILaunchScreen_Generation = YES;
				INFOPLIST_KEY_UISupportedInterfaceOrientations_iPad = "UIInterfaceOrientationPortrait UIInterfaceOrientationPortraitUpsideDown UIInterfaceOrientationLandscapeLeft UIInterfaceOrientationLandscapeRight";
				INFOPLIST_KEY_UISupportedInterfaceOrientations_iPhone = "UIInterfaceOrientationPortrait UIInterfaceOrientationLandscapeLeft UIInterfaceOrientationLandscapeRight";
				LD_RUNPATH_SEARCH_PATHS = (
					"$(inherited)",
					"@executable_path/Frameworks",
				);
				MARKETING_VERSION = 1.0;
				PRODUCT_BUNDLE_IDENTIFIER = team.ecolens;
				PRODUCT_NAME = "$(TARGET_NAME)";
				SWIFT_EMIT_LOC_STRINGS = YES;
				SWIFT_VERSION = 5.0;
				TARGETED_DEVICE_FAMILY = "1,2";
			};
			name = Release;
		};
		5A122B932DA4866A0093CDA6 /* Debug */ = {
			isa = XCBuildConfiguration;
			buildSettings = {
				BUNDLE_LOADER = "$(TEST_HOST)";
				CODE_SIGN_STYLE = Automatic;
				CURRENT_PROJECT_VERSION = 1;
				DEVELOPMENT_TEAM = TRJ8WWTUGP;
				GENERATE_INFOPLIST_FILE = YES;
				IPHONEOS_DEPLOYMENT_TARGET = 18.4;
				MARKETING_VERSION = 1.0;
				PRODUCT_BUNDLE_IDENTIFIER = team.ecolensTests;
				PRODUCT_NAME = "$(TARGET_NAME)";
				SWIFT_EMIT_LOC_STRINGS = NO;
				SWIFT_VERSION = 5.0;
				TARGETED_DEVICE_FAMILY = "1,2";
				TEST_HOST = "$(BUILT_PRODUCTS_DIR)/ecolens.app/$(BUNDLE_EXECUTABLE_FOLDER_PATH)/ecolens";
			};
			name = Debug;
		};
		5A122B942DA4866A0093CDA6 /* Release */ = {
			isa = XCBuildConfiguration;
			buildSettings = {
				BUNDLE_LOADER = "$(TEST_HOST)";
				CODE_SIGN_STYLE = Automatic;
				CURRENT_PROJECT_VERSION = 1;
				DEVELOPMENT_TEAM = TRJ8WWTUGP;
				GENERATE_INFOPLIST_FILE = YES;
				IPHONEOS_DEPLOYMENT_TARGET = 18.4;
				MARKETING_VERSION = 1.0;
				PRODUCT_BUNDLE_IDENTIFIER = team.ecolensTests;
				PRODUCT_NAME = "$(TARGET_NAME)";
				SWIFT_EMIT_LOC_STRINGS = NO;
				SWIFT_VERSION = 5.0;
				TARGETED_DEVICE_FAMILY = "1,2";
				TEST_HOST = "$(BUILT_PRODUCTS_DIR)/ecolens.app/$(BUNDLE_EXECUTABLE_FOLDER_PATH)/ecolens";
			};
			name = Release;
		};
		5A122B962DA4866A0093CDA6 /* Debug */ = {
			isa = XCBuildConfiguration;
			buildSettings = {
				CODE_SIGN_STYLE = Automatic;
				CURRENT_PROJECT_VERSION = 1;
				DEVELOPMENT_TEAM = TRJ8WWTUGP;
				GENERATE_INFOPLIST_FILE = YES;
				MARKETING_VERSION = 1.0;
				PRODUCT_BUNDLE_IDENTIFIER = team.ecolensUITests;
				PRODUCT_NAME = "$(TARGET_NAME)";
				SWIFT_EMIT_LOC_STRINGS = NO;
				SWIFT_VERSION = 5.0;
				TARGETED_DEVICE_FAMILY = "1,2";
				TEST_TARGET_NAME = ecolens;
			};
			name = Debug;
		};
		5A122B972DA4866A0093CDA6 /* Release */ = {
			isa = XCBuildConfiguration;
			buildSettings = {
				CODE_SIGN_STYLE = Automatic;
				CURRENT_PROJECT_VERSION = 1;
				DEVELOPMENT_TEAM = TRJ8WWTUGP;
				GENERATE_INFOPLIST_FILE = YES;
				MARKETING_VERSION = 1.0;
				PRODUCT_BUNDLE_IDENTIFIER = team.ecolensUITests;
				PRODUCT_NAME = "$(TARGET_NAME)";
				SWIFT_EMIT_LOC_STRINGS = NO;
				SWIFT_VERSION = 5.0;
				TARGETED_DEVICE_FAMILY = "1,2";
				TEST_TARGET_NAME = ecolens;
			};
			name = Release;
		};
/* End XCBuildConfiguration section */

/* Begin XCConfigurationList section */
		5A122B692DA486680093CDA6 /* Build configuration list for PBXProject "ecolens" */ = {
			isa = XCConfigurationList;
			buildConfigurations = (
				5A122B8D2DA4866A0093CDA6 /* Debug */,
				5A122B8E2DA4866A0093CDA6 /* Release */,
			);
			defaultConfigurationIsVisible = 0;
			defaultConfigurationName = Release;
		};
		5A122B8F2DA4866A0093CDA6 /* Build configuration list for PBXNativeTarget "ecolens" */ = {
			isa = XCConfigurationList;
			buildConfigurations = (
				5A122B902DA4866A0093CDA6 /* Debug */,
				5A122B912DA4866A0093CDA6 /* Release */,
			);
			defaultConfigurationIsVisible = 0;
			defaultConfigurationName = Release;
		};
		5A122B922DA4866A0093CDA6 /* Build configuration list for PBXNativeTarget "ecolensTests" */ = {
			isa = XCConfigurationList;
			buildConfigurations = (
				5A122B932DA4866A0093CDA6 /* Debug */,
				5A122B942DA4866A0093CDA6 /* Release */,
			);
			defaultConfigurationIsVisible = 0;
			defaultConfigurationName = Release;
		};
		5A122B952DA4866A0093CDA6 /* Build configuration list for PBXNativeTarget "ecolensUITests" */ = {
			isa = XCConfigurationList;
			buildConfigurations = (
				5A122B962DA4866A0093CDA6 /* Debug */,
				5A122B972DA4866A0093CDA6 /* Release */,
			);
			defaultConfigurationIsVisible = 0;
			defaultConfigurationName = Release;
		};
/* End XCConfigurationList section */
	};
	rootObject = 5A122B662DA486680093CDA6 /* Project object */;
}
